
Microsoft Visual Studio Solution File, Format Version 12.00
# Visual Studio Version 16
VisualStudioVersion = 16.0.31112.23
MinimumVisualStudioVersion = 10.0.40219.1
Project("{9A19103F-16F7-4668-BE54-9A1E7A4F7556}") = "PlatFormService", "PlatFormService\PlatFormService.csproj", "{512B6400-4738-4B56-88E1-70FF1FB4BD7E}"
EndProject
Project("{2150E333-8FDC-42A3-9474-1A3956D46DE8}") = "K8S", "K8S", "{B6D3759F-89F2-4986-979A-1ABD70C50FA1}"
	ProjectSection(SolutionItems) = preProject
		platforms-depl.yaml = platforms-depl.yaml
		platforms-np-srv.yaml = platforms-np-srv.yaml
	EndProjectSection
EndProject
Project("{FAE04EC0-301F-11D3-BF4B-00C04F79EFBC}") = "CommandsService", "CommandsService\CommandsService.csproj", "{5DE8AD1A-4150-4318-AC6C-E9D321B24FB0}"
EndProject
Global
	GlobalSection(SolutionConfigurationPlatforms) = preSolution
		Debug|Any CPU = Debug|Any CPU
		Release|Any CPU = Release|Any CPU
	EndGlobalSection
	GlobalSection(ProjectConfigurationPlatforms) = postSolution
		{512B6400-4738-4B56-88E1-70FF1FB4BD7E}.Debug|Any CPU.ActiveCfg = Debug|Any CPU
		{512B6400-4738-4B56-88E1-70FF1FB4BD7E}.Debug|Any CPU.Build.0 = Debug|Any CPU
		{512B6400-4738-4B56-88E1-70FF1FB4BD7E}.Release|Any CPU.ActiveCfg = Release|Any CPU
		{512B6400-4738-4B56-88E1-70FF1FB4BD7E}.Release|Any CPU.Build.0 = Release|Any CPU
		{5DE8AD1A-4150-4318-AC6C-E9D321B24FB0}.Debug|Any CPU.ActiveCfg = Debug|Any CPU
		{5DE8AD1A-4150-4318-AC6C-E9D321B24FB0}.Debug|Any CPU.Build.0 = Debug|Any CPU
		{5DE8AD1A-4150-4318-AC6C-E9D321B24FB0}.Release|Any CPU.ActiveCfg = Release|Any CPU
		{5DE8AD1A-4150-4318-AC6C-E9D321B24FB0}.Release|Any CPU.Build.0 = Release|Any CPU
	EndGlobalSection
	GlobalSection(SolutionProperties) = preSolution
		HideSolutionNode = FALSE
	EndGlobalSection
	GlobalSection(ExtensibilityGlobals) = postSolution
		SolutionGuid = {27B003B7-1FE5-4E0F-BE74-D5549FE76079}
	EndGlobalSection
EndGlobal
